
Microsoft Visual Studio Solution File, Format Version 12.00
# Visual Studio Version 16
VisualStudioVersion = 16.0.30011.22
MinimumVisualStudioVersion = 10.0.40219.1
Project("{2150E333-8FDC-42A3-9474-1A3956D46DE8}") = "src", "src", "{AB532FD0-2AE9-4283-9F7B-97ED5542CD8A}"
EndProject
Project("{9A19103F-16F7-4668-BE54-9A1E7A4F7556}") = "Vulild.Service.ActiveMq", "src\Vulild.Service.ActiveMq\Vulild.Service.ActiveMq.csproj", "{526CA596-0AFA-4F39-8991-8C4B65EE94F6}"
EndProject
Project("{9A19103F-16F7-4668-BE54-9A1E7A4F7556}") = "Vulild.Service.DataBase", "src\Vulild.Service.DataBase\Vulild.Service.DataBase.csproj", "{EDB8BD8D-1208-4110-B528-85AB8BB71D79}"
EndProject
Project("{9A19103F-16F7-4668-BE54-9A1E7A4F7556}") = "Vulild.Service.Kafka", "src\Vulild.Service.Kafka\Vulild.Service.Kafka.csproj", "{B5988D0F-9D0F-4E43-9136-665FC17E199B}"
EndProject
Project("{9A19103F-16F7-4668-BE54-9A1E7A4F7556}") = "Vulild.Service.Log", "src\Vulild.Service.Log\Vulild.Service.Log.csproj", "{894A99A1-D281-4A31-A578-EE2576A1CE4E}"
EndProject
Project("{9A19103F-16F7-4668-BE54-9A1E7A4F7556}") = "Vulild.Service.MQ", "src\Vulild.Service.MQ\Vulild.Service.MQ.csproj", "{FBFF0627-02D0-4259-B3E9-537637A7BA8C}"
EndProject
Project("{9A19103F-16F7-4668-BE54-9A1E7A4F7556}") = "Vulild.Service.MySql", "src\Vulild.Service.MySql\Vulild.Service.MySql.csproj", "{01CDF153-78FD-4083-A73A-D6DE682B82B8}"
EndProject
Project("{9A19103F-16F7-4668-BE54-9A1E7A4F7556}") = "Vulild.Service.NLogService", "src\Vulild.Service.NLog\Vulild.Service.NLogService.csproj", "{4C1949EB-B175-4E2B-8419-65914C167F95}"
EndProject
Project("{9A19103F-16F7-4668-BE54-9A1E7A4F7556}") = "Vulild.Service.Redis", "src\Vulild.Service.Redis\Vulild.Service.Redis.csproj", "{209F198B-8C71-4D5B-B5B5-90AE32ACE942}"
EndProject
Project("{9A19103F-16F7-4668-BE54-9A1E7A4F7556}") = "Vulild.Service.Store", "src\Vulild.Service.Store\Vulild.Service.Store.csproj", "{F7DDA726-1D89-4FE1-AE72-D079CFD8C4B3}"
EndProject
Project("{9A19103F-16F7-4668-BE54-9A1E7A4F7556}") = "Vulild.Service", "src\Vulild.Service\Vulild.Service.csproj", "{E9ECB121-D6C5-4F5C-8B7A-09C79E5DAB09}"
EndProject
Project("{2150E333-8FDC-42A3-9474-1A3956D46DE8}") = "test", "test", "{8238C390-AADD-469F-8ECE-3B9C9DBBBB00}"
EndProject
Project("{9A19103F-16F7-4668-BE54-9A1E7A4F7556}") = "XlSoft.Service.Test", "test\XlSoft.Service.Test\XlSoft.Service.Test.csproj", "{B7EEF9C8-25E1-4094-B0A9-C4E90451C2B4}"
EndProject
Project("{FAE04EC0-301F-11D3-BF4B-00C04F79EFBC}") = "XlSoft.Service.Test.Framework", "test\XlSoft.Service.Test.Framework\XlSoft.Service.Test.Framework.csproj", "{1B6A1139-FA7E-483D-88A0-4547D606F74D}"
EndProject
Project("{9A19103F-16F7-4668-BE54-9A1E7A4F7556}") = "Vulild.Service.AssemblyService", "src\Vulild.Service.Assembly\Vulild.Service.AssemblyService.csproj", "{36933601-A2E4-4C26-98AF-7135235BCAA1}"
EndProject
Project("{9A19103F-16F7-4668-BE54-9A1E7A4F7556}") = "Vulild.Service.SqlServer", "src\Vulild.Service.SqlServer\Vulild.Service.SqlServer.csproj", "{98EE2D5F-F6B6-45AB-A534-3A44D26507DA}"
EndProject
Project("{FAE04EC0-301F-11D3-BF4B-00C04F79EFBC}") = "Vulild.Service.TcpService", "Vulild.Service.TcpService\Vulild.Service.TcpService.csproj", "{0E0B27AC-666C-4B5F-BFA8-A4299ACE2167}"
EndProject
Global
	GlobalSection(SolutionConfigurationPlatforms) = preSolution
		Debug|Any CPU = Debug|Any CPU
		Release|Any CPU = Release|Any CPU
	EndGlobalSection
	GlobalSection(ProjectConfigurationPlatforms) = postSolution
		{526CA596-0AFA-4F39-8991-8C4B65EE94F6}.Debug|Any CPU.ActiveCfg = Debug|Any CPU
		{526CA596-0AFA-4F39-8991-8C4B65EE94F6}.Debug|Any CPU.Build.0 = Debug|Any CPU
		{526CA596-0AFA-4F39-8991-8C4B65EE94F6}.Release|Any CPU.ActiveCfg = Release|Any CPU
		{526CA596-0AFA-4F39-8991-8C4B65EE94F6}.Release|Any CPU.Build.0 = Release|Any CPU
		{EDB8BD8D-1208-4110-B528-85AB8BB71D79}.Debug|Any CPU.ActiveCfg = Debug|Any CPU
		{EDB8BD8D-1208-4110-B528-85AB8BB71D79}.Debug|Any CPU.Build.0 = Debug|Any CPU
		{EDB8BD8D-1208-4110-B528-85AB8BB71D79}.Release|Any CPU.ActiveCfg = Release|Any CPU
		{EDB8BD8D-1208-4110-B528-85AB8BB71D79}.Release|Any CPU.Build.0 = Release|Any CPU
		{B5988D0F-9D0F-4E43-9136-665FC17E199B}.Debug|Any CPU.ActiveCfg = Debug|Any CPU
		{B5988D0F-9D0F-4E43-9136-665FC17E199B}.Debug|Any CPU.Build.0 = Debug|Any CPU
		{B5988D0F-9D0F-4E43-9136-665FC17E199B}.Release|Any CPU.ActiveCfg = Release|Any CPU
		{B5988D0F-9D0F-4E43-9136-665FC17E199B}.Release|Any CPU.Build.0 = Release|Any CPU
		{894A99A1-D281-4A31-A578-EE2576A1CE4E}.Debug|Any CPU.ActiveCfg = Debug|Any CPU
		{894A99A1-D281-4A31-A578-EE2576A1CE4E}.Debug|Any CPU.Build.0 = Debug|Any CPU
		{894A99A1-D281-4A31-A578-EE2576A1CE4E}.Release|Any CPU.ActiveCfg = Release|Any CPU
		{894A99A1-D281-4A31-A578-EE2576A1CE4E}.Release|Any CPU.Build.0 = Release|Any CPU
		{FBFF0627-02D0-4259-B3E9-537637A7BA8C}.Debug|Any CPU.ActiveCfg = Debug|Any CPU
		{FBFF0627-02D0-4259-B3E9-537637A7BA8C}.Debug|Any CPU.Build.0 = Debug|Any CPU
		{FBFF0627-02D0-4259-B3E9-537637A7BA8C}.Release|Any CPU.ActiveCfg = Release|Any CPU
		{FBFF0627-02D0-4259-B3E9-537637A7BA8C}.Release|Any CPU.Build.0 = Release|Any CPU
		{01CDF153-78FD-4083-A73A-D6DE682B82B8}.Debug|Any CPU.ActiveCfg = Debug|Any CPU
		{01CDF153-78FD-4083-A73A-D6DE682B82B8}.Debug|Any CPU.Build.0 = Debug|Any CPU
		{01CDF153-78FD-4083-A73A-D6DE682B82B8}.Release|Any CPU.ActiveCfg = Release|Any CPU
		{01CDF153-78FD-4083-A73A-D6DE682B82B8}.Release|Any CPU.Build.0 = Release|Any CPU
		{4C1949EB-B175-4E2B-8419-65914C167F95}.Debug|Any CPU.ActiveCfg = Debug|Any CPU
		{4C1949EB-B175-4E2B-8419-65914C167F95}.Debug|Any CPU.Build.0 = Debug|Any CPU
		{4C1949EB-B175-4E2B-8419-65914C167F95}.Release|Any CPU.ActiveCfg = Release|Any CPU
		{4C1949EB-B175-4E2B-8419-65914C167F95}.Release|Any CPU.Build.0 = Release|Any CPU
		{209F198B-8C71-4D5B-B5B5-90AE32ACE942}.Debug|Any CPU.ActiveCfg = Debug|Any CPU
		{209F198B-8C71-4D5B-B5B5-90AE32ACE942}.Debug|Any CPU.Build.0 = Debug|Any CPU
		{209F198B-8C71-4D5B-B5B5-90AE32ACE942}.Release|Any CPU.ActiveCfg = Release|Any CPU
		{209F198B-8C71-4D5B-B5B5-90AE32ACE942}.Release|Any CPU.Build.0 = Release|Any CPU
		{F7DDA726-1D89-4FE1-AE72-D079CFD8C4B3}.Debug|Any CPU.ActiveCfg = Debug|Any CPU
		{F7DDA726-1D89-4FE1-AE72-D079CFD8C4B3}.Debug|Any CPU.Build.0 = Debug|Any CPU
		{F7DDA726-1D89-4FE1-AE72-D079CFD8C4B3}.Release|Any CPU.ActiveCfg = Release|Any CPU
		{F7DDA726-1D89-4FE1-AE72-D079CFD8C4B3}.Release|Any CPU.Build.0 = Release|Any CPU
		{E9ECB121-D6C5-4F5C-8B7A-09C79E5DAB09}.Debug|Any CPU.ActiveCfg = Debug|Any CPU
		{E9ECB121-D6C5-4F5C-8B7A-09C79E5DAB09}.Debug|Any CPU.Build.0 = Debug|Any CPU
		{E9ECB121-D6C5-4F5C-8B7A-09C79E5DAB09}.Release|Any CPU.ActiveCfg = Release|Any CPU
		{E9ECB121-D6C5-4F5C-8B7A-09C79E5DAB09}.Release|Any CPU.Build.0 = Release|Any CPU
		{B7EEF9C8-25E1-4094-B0A9-C4E90451C2B4}.Debug|Any CPU.ActiveCfg = Debug|Any CPU
		{B7EEF9C8-25E1-4094-B0A9-C4E90451C2B4}.Debug|Any CPU.Build.0 = Debug|Any CPU
		{B7EEF9C8-25E1-4094-B0A9-C4E90451C2B4}.Release|Any CPU.ActiveCfg = Release|Any CPU
		{B7EEF9C8-25E1-4094-B0A9-C4E90451C2B4}.Release|Any CPU.Build.0 = Release|Any CPU
		{1B6A1139-FA7E-483D-88A0-4547D606F74D}.Debug|Any CPU.ActiveCfg = Debug|Any CPU
		{1B6A1139-FA7E-483D-88A0-4547D606F74D}.Debug|Any CPU.Build.0 = Debug|Any CPU
		{1B6A1139-FA7E-483D-88A0-4547D606F74D}.Release|Any CPU.ActiveCfg = Release|Any CPU
		{1B6A1139-FA7E-483D-88A0-4547D606F74D}.Release|Any CPU.Build.0 = Release|Any CPU
		{36933601-A2E4-4C26-98AF-7135235BCAA1}.Debug|Any CPU.ActiveCfg = Debug|Any CPU
		{36933601-A2E4-4C26-98AF-7135235BCAA1}.Debug|Any CPU.Build.0 = Debug|Any CPU
		{36933601-A2E4-4C26-98AF-7135235BCAA1}.Release|Any CPU.ActiveCfg = Release|Any CPU
		{36933601-A2E4-4C26-98AF-7135235BCAA1}.Release|Any CPU.Build.0 = Release|Any CPU
		{98EE2D5F-F6B6-45AB-A534-3A44D26507DA}.Debug|Any CPU.ActiveCfg = Debug|Any CPU
		{98EE2D5F-F6B6-45AB-A534-3A44D26507DA}.Debug|Any CPU.Build.0 = Debug|Any CPU
		{98EE2D5F-F6B6-45AB-A534-3A44D26507DA}.Release|Any CPU.ActiveCfg = Release|Any CPU
		{98EE2D5F-F6B6-45AB-A534-3A44D26507DA}.Release|Any CPU.Build.0 = Release|Any CPU
		{0E0B27AC-666C-4B5F-BFA8-A4299ACE2167}.Debug|Any CPU.ActiveCfg = Debug|Any CPU
		{0E0B27AC-666C-4B5F-BFA8-A4299ACE2167}.Debug|Any CPU.Build.0 = Debug|Any CPU
		{0E0B27AC-666C-4B5F-BFA8-A4299ACE2167}.Release|Any CPU.ActiveCfg = Release|Any CPU
		{0E0B27AC-666C-4B5F-BFA8-A4299ACE2167}.Release|Any CPU.Build.0 = Release|Any CPU
	EndGlobalSection
	GlobalSection(SolutionProperties) = preSolution
		HideSolutionNode = FALSE
	EndGlobalSection
	GlobalSection(NestedProjects) = preSolution
		{526CA596-0AFA-4F39-8991-8C4B65EE94F6} = {AB532FD0-2AE9-4283-9F7B-97ED5542CD8A}
		{EDB8BD8D-1208-4110-B528-85AB8BB71D79} = {AB532FD0-2AE9-4283-9F7B-97ED5542CD8A}
		{B5988D0F-9D0F-4E43-9136-665FC17E199B} = {AB532FD0-2AE9-4283-9F7B-97ED5542CD8A}
		{894A99A1-D281-4A31-A578-EE2576A1CE4E} = {AB532FD0-2AE9-4283-9F7B-97ED5542CD8A}
		{FBFF0627-02D0-4259-B3E9-537637A7BA8C} = {AB532FD0-2AE9-4283-9F7B-97ED5542CD8A}
		{01CDF153-78FD-4083-A73A-D6DE682B82B8} = {AB532FD0-2AE9-4283-9F7B-97ED5542CD8A}
		{4C1949EB-B175-4E2B-8419-65914C167F95} = {AB532FD0-2AE9-4283-9F7B-97ED5542CD8A}
		{209F198B-8C71-4D5B-B5B5-90AE32ACE942} = {AB532FD0-2AE9-4283-9F7B-97ED5542CD8A}
		{F7DDA726-1D89-4FE1-AE72-D079CFD8C4B3} = {AB532FD0-2AE9-4283-9F7B-97ED5542CD8A}
		{E9ECB121-D6C5-4F5C-8B7A-09C79E5DAB09} = {AB532FD0-2AE9-4283-9F7B-97ED5542CD8A}
		{B7EEF9C8-25E1-4094-B0A9-C4E90451C2B4} = {8238C390-AADD-469F-8ECE-3B9C9DBBBB00}
		{1B6A1139-FA7E-483D-88A0-4547D606F74D} = {8238C390-AADD-469F-8ECE-3B9C9DBBBB00}
		{36933601-A2E4-4C26-98AF-7135235BCAA1} = {AB532FD0-2AE9-4283-9F7B-97ED5542CD8A}
		{98EE2D5F-F6B6-45AB-A534-3A44D26507DA} = {AB532FD0-2AE9-4283-9F7B-97ED5542CD8A}
		{0E0B27AC-666C-4B5F-BFA8-A4299ACE2167} = {AB532FD0-2AE9-4283-9F7B-97ED5542CD8A}
	EndGlobalSection
	GlobalSection(ExtensibilityGlobals) = postSolution
		SolutionGuid = {1290807F-6B66-4159-854B-B17C2CA00949}
	EndGlobalSection
EndGlobal
